lockfileVersion: '9.0'

settings:
  autoInstallPeers: true
  excludeLinksFromLockfile: false

importers:

  .:
    dependencies:
      es-toolkit:
        specifier: ^1.39.7
        version: 1.39.7

packages:

  es-toolkit@1.39.7:
    resolution: {integrity: sha512-ek/wWryKouBrZIjkwW2BFf91CWOIMvoy2AE5YYgUrfWsJQM2Su1LoLtrw8uusEpN9RfqLlV/0FVNjT0WMv8Bxw==}

snapshots:

  es-toolkit@1.39.7: {}
